// !$*UTF8*$!
{
	archiveVersion = 1;
	classes = {
	};
	objectVersion = 56;
	objects = {

/* Begin PBXBuildFile section */
		A314ACCC2ABD32070075BA2D /* TCPServerViewModel.swift in Sources */ = {isa = PBXBuildFile; fileRef = A314ACCB2ABD32070075BA2D /* TCPServerViewModel.swift */; };
		A330BBBE2ABC2E9000B0CFC3 /* TCPServerView.swift in Sources */ = {isa = PBXBuildFile; fileRef = A330BBBD2ABC2E9000B0CFC3 /* TCPServerView.swift */; };
		A3725B302AC17180009EF798 /* RoomView.swift in Sources */ = {isa = PBXBuildFile; fileRef = A3725B2F2AC17180009EF798 /* RoomView.swift */; };
		A3725B322AC1788C009EF798 /* LoginView.swift in Sources */ = {isa = PBXBuildFile; fileRef = A3725B312AC1788C009EF798 /* LoginView.swift */; };
		A384CF802ABAC7E000612779 /* VoiceRecordingTCPSendApp.swift in Sources */ = {isa = PBXBuildFile; fileRef = A384CF7F2ABAC7E000612779 /* VoiceRecordingTCPSendApp.swift */; };
		A384CF822ABAC7E000612779 /* VoiceRecordingView.swift in Sources */ = {isa = PBXBuildFile; fileRef = A384CF812ABAC7E000612779 /* VoiceRecordingView.swift */; };
		A384CF842ABAC7E200612779 /* Assets.xcassets in Resources */ = {isa = PBXBuildFile; fileRef = A384CF832ABAC7E200612779 /* Assets.xcassets */; };
		A384CF872ABAC7E200612779 /* Preview Assets.xcassets in Resources */ = {isa = PBXBuildFile; fileRef = A384CF862ABAC7E200612779 /* Preview Assets.xcassets */; };
		A384CF8F2ABACE5B00612779 /* SwiftSocket in Frameworks */ = {isa = PBXBuildFile; productRef = A384CF8E2ABACE5B00612779 /* SwiftSocket */; };
		A384CF912ABBB72900612779 /* AudioRecorderManager.swift in Sources */ = {isa = PBXBuildFile; fileRef = A384CF902ABBB72900612779 /* AudioRecorderManager.swift */; };
		A384CF932ABBD39C00612779 /* VoiceRecordingViewModel.swift in Sources */ = {isa = PBXBuildFile; fileRef = A384CF922ABBD39C00612779 /* VoiceRecordingViewModel.swift */; };
		A387FE0F2AC2A60D00F99CE2 /* TCPManager.swift in Sources */ = {isa = PBXBuildFile; fileRef = A387FE0E2AC2A60D00F99CE2 /* TCPManager.swift */; };
		A387FE122AC3AA9700F99CE2 /* Extension+Data.swift in Sources */ = {isa = PBXBuildFile; fileRef = A387FE112AC3AA9700F99CE2 /* Extension+Data.swift */; };
		A387FE142AC3AAC400F99CE2 /* Extension+View.swift in Sources */ = {isa = PBXBuildFile; fileRef = A387FE132AC3AAC400F99CE2 /* Extension+View.swift */; };
		A387FE172AC3AB1C00F99CE2 /* PacketType.swift in Sources */ = {isa = PBXBuildFile; fileRef = A387FE162AC3AB1C00F99CE2 /* PacketType.swift */; };
		A387FE1A2AC3AB4600F99CE2 /* TCPPacketDTO.swift in Sources */ = {isa = PBXBuildFile; fileRef = A387FE192AC3AB4600F99CE2 /* TCPPacketDTO.swift */; };
		A387FE1D2AC3D70400F99CE2 /* RoomViewModel.swift in Sources */ = {isa = PBXBuildFile; fileRef = A387FE1C2AC3D70400F99CE2 /* RoomViewModel.swift */; };
		A3ECA9162ACD505E0045E2AA /* Extension+Double.swift in Sources */ = {isa = PBXBuildFile; fileRef = A3ECA9152ACD505E0045E2AA /* Extension+Double.swift */; };
		A3ECA9182ACD56C10045E2AA /* LoginViewModel.swift in Sources */ = {isa = PBXBuildFile; fileRef = A3ECA9172ACD56C10045E2AA /* LoginViewModel.swift */; };
		A3ECA91B2ACD56F00045E2AA /* TCPPacket.swift in Sources */ = {isa = PBXBuildFile; fileRef = A3ECA91A2ACD56F00045E2AA /* TCPPacket.swift */; };
		A3EE905E2ABD1356000CBBE4 /* MainView.swift in Sources */ = {isa = PBXBuildFile; fileRef = A3EE905D2ABD1356000CBBE4 /* MainView.swift */; };
		A3EE90602ABD1F14000CBBE4 /* NetworkManager.swift in Sources */ = {isa = PBXBuildFile; fileRef = A3EE905F2ABD1F14000CBBE4 /* NetworkManager.swift */; };
/* End PBXBuildFile section */

/* Begin PBXFileReference section */
		A314ACCB2ABD32070075BA2D /* TCPServerViewModel.swift */ = {isa = PBXFileReference; lastKnownFileType = sourcecode.swift; path = TCPServerViewModel.swift; sourceTree = "<group>"; };
		A330BBBD2ABC2E9000B0CFC3 /* TCPServerView.swift */ = {isa = PBXFileReference; lastKnownFileType = sourcecode.swift; path = TCPServerView.swift; sourceTree = "<group>"; };
		A3725B2F2AC17180009EF798 /* RoomView.swift */ = {isa = PBXFileReference; lastKnownFileType = sourcecode.swift; path = RoomView.swift; sourceTree = "<group>"; };
		A3725B312AC1788C009EF798 /* LoginView.swift */ = {isa = PBXFileReference; lastKnownFileType = sourcecode.swift; path = LoginView.swift; sourceTree = "<group>"; };
		A384CF7C2ABAC7E000612779 /* VoiceRecordingTCPSend.app */ = {isa = PBXFileReference; explicitFileType = wrapper.application; includeInIndex = 0; path = VoiceRecordingTCPSend.app; sourceTree = BUILT_PRODUCTS_DIR; };
		A384CF7F2ABAC7E000612779 /* VoiceRecordingTCPSendApp.swift */ = {isa = PBXFileReference; lastKnownFileType = sourcecode.swift; path = VoiceRecordingTCPSendApp.swift; sourceTree = "<group>"; };
		A384CF812ABAC7E000612779 /* VoiceRecordingView.swift */ = {isa = PBXFileReference; lastKnownFileType = sourcecode.swift; path = VoiceRecordingView.swift; sourceTree = "<group>"; };
		A384CF832ABAC7E200612779 /* Assets.xcassets */ = {isa = PBXFileReference; lastKnownFileType = folder.assetcatalog; path = Assets.xcassets; sourceTree = "<group>"; };
		A384CF862ABAC7E200612779 /* Preview Assets.xcassets */ = {isa = PBXFileReference; lastKnownFileType = folder.assetcatalog; path = "Preview Assets.xcassets"; sourceTree = "<group>"; };
		A384CF902ABBB72900612779 /* AudioRecorderManager.swift */ = {isa = PBXFileReference; lastKnownFileType = sourcecode.swift; path = AudioRecorderManager.swift; sourceTree = "<group>"; };
		A384CF922ABBD39C00612779 /* VoiceRecordingViewModel.swift */ = {isa = PBXFileReference; lastKnownFileType = sourcecode.swift; path = VoiceRecordingViewModel.swift; sourceTree = "<group>"; };
		A387FE0E2AC2A60D00F99CE2 /* TCPManager.swift */ = {isa = PBXFileReference; lastKnownFileType = sourcecode.swift; path = TCPManager.swift; sourceTree = "<group>"; };
		A387FE112AC3AA9700F99CE2 /* Extension+Data.swift */ = {isa = PBXFileReference; lastKnownFileType = sourcecode.swift; path = "Extension+Data.swift"; sourceTree = "<group>"; };
		A387FE132AC3AAC400F99CE2 /* Extension+View.swift */ = {isa = PBXFileReference; lastKnownFileType = sourcecode.swift; path = "Extension+View.swift"; sourceTree = "<group>"; };
		A387FE162AC3AB1C00F99CE2 /* PacketType.swift */ = {isa = PBXFileReference; lastKnownFileType = sourcecode.swift; path = PacketType.swift; sourceTree = "<group>"; };
		A387FE192AC3AB4600F99CE2 /* TCPPacketDTO.swift */ = {isa = PBXFileReference; lastKnownFileType = sourcecode.swift; path = TCPPacketDTO.swift; sourceTree = "<group>"; };
		A387FE1C2AC3D70400F99CE2 /* RoomViewModel.swift */ = {isa = PBXFileReference; lastKnownFileType = sourcecode.swift; path = RoomViewModel.swift; sourceTree = "<group>"; };
		A3ECA9152ACD505E0045E2AA /* Extension+Double.swift */ = {isa = PBXFileReference; lastKnownFileType = sourcecode.swift; path = "Extension+Double.swift"; sourceTree = "<group>"; };
		A3ECA9172ACD56C10045E2AA /* LoginViewModel.swift */ = {isa = PBXFileReference; lastKnownFileType = sourcecode.swift; path = LoginViewModel.swift; sourceTree = "<group>"; };
		A3ECA91A2ACD56F00045E2AA /* TCPPacket.swift */ = {isa = PBXFileReference; lastKnownFileType = sourcecode.swift; path = TCPPacket.swift; sourceTree = "<group>"; };
		A3EE905D2ABD1356000CBBE4 /* MainView.swift */ = {isa = PBXFileReference; lastKnownFileType = sourcecode.swift; path = MainView.swift; sourceTree = "<group>"; };
		A3EE905F2ABD1F14000CBBE4 /* NetworkManager.swift */ = {isa = PBXFileReference; lastKnownFileType = sourcecode.swift; path = NetworkManager.swift; sourceTree = "<group>"; };
/* End PBXFileReference section */

/* Begin PBXFrameworksBuildPhase section */
		A384CF792ABAC7E000612779 /* Frameworks */ = {
			isa = PBXFrameworksBuildPhase;
			buildActionMask = 2147483647;
			files = (
				A384CF8F2ABACE5B00612779 /* SwiftSocket in Frameworks */,
			);
			runOnlyForDeploymentPostprocessing = 0;
		};
/* End PBXFrameworksBuildPhase section */

/* Begin PBXGroup section */
		A314ACCA2ABD31EA0075BA2D /* TCPServer */ = {
			isa = PBXGroup;
			children = (
				A314ACCB2ABD32070075BA2D /* TCPServerViewModel.swift */,
				A330BBBD2ABC2E9000B0CFC3 /* TCPServerView.swift */,
			);
			path = TCPServer;
			sourceTree = "<group>";
		};
		A314ACCD2ABD326D0075BA2D /* Manager */ = {
			isa = PBXGroup;
			children = (
				A384CF902ABBB72900612779 /* AudioRecorderManager.swift */,
				A3EE905F2ABD1F14000CBBE4 /* NetworkManager.swift */,
				A387FE0E2AC2A60D00F99CE2 /* TCPManager.swift */,
			);
			path = Manager;
			sourceTree = "<group>";
		};
		A330BBC02ABC314700B0CFC3 /* VoiceRecording */ = {
			isa = PBXGroup;
			children = (
				A384CF922ABBD39C00612779 /* VoiceRecordingViewModel.swift */,
				A384CF812ABAC7E000612779 /* VoiceRecordingView.swift */,
			);
			path = VoiceRecording;
			sourceTree = "<group>";
		};
		A3725B2E2AC1711F009EF798 /* Room */ = {
			isa = PBXGroup;
			children = (
				A3ECA9192ACD56D80045E2AA /* Login */,
				A387FE1C2AC3D70400F99CE2 /* RoomViewModel.swift */,
				A3725B2F2AC17180009EF798 /* RoomView.swift */,
			);
			path = Room;
			sourceTree = "<group>";
		};
		A384CF732ABAC7E000612779 = {
			isa = PBXGroup;
			children = (
				A384CF7E2ABAC7E000612779 /* VoiceRecordingTCPSend */,
				A384CF7D2ABAC7E000612779 /* Products */,
			);
			sourceTree = "<group>";
		};
		A384CF7D2ABAC7E000612779 /* Products */ = {
			isa = PBXGroup;
			children = (
				A384CF7C2ABAC7E000612779 /* VoiceRecordingTCPSend.app */,
			);
			name = Products;
			sourceTree = "<group>";
		};
		A384CF7E2ABAC7E000612779 /* VoiceRecordingTCPSend */ = {
			isa = PBXGroup;
			children = (
				A384CF7F2ABAC7E000612779 /* VoiceRecordingTCPSendApp.swift */,
				A3EE905D2ABD1356000CBBE4 /* MainView.swift */,
				A387FE1B2AC3AB5200F99CE2 /* Utills */,
				A387FE182AC3AB3800F99CE2 /* Model */,
				A330BBC02ABC314700B0CFC3 /* VoiceRecording */,
				A314ACCA2ABD31EA0075BA2D /* TCPServer */,
				A3725B2E2AC1711F009EF798 /* Room */,
				A384CF832ABAC7E200612779 /* Assets.xcassets */,
				A384CF852ABAC7E200612779 /* Preview Content */,
			);
			path = VoiceRecordingTCPSend;
			sourceTree = "<group>";
		};
		A384CF852ABAC7E200612779 /* Preview Content */ = {
			isa = PBXGroup;
			children = (
				A384CF862ABAC7E200612779 /* Preview Assets.xcassets */,
			);
			path = "Preview Content";
			sourceTree = "<group>";
		};
		A387FE102AC3AA8000F99CE2 /* Extension */ = {
			isa = PBXGroup;
			children = (
				A387FE112AC3AA9700F99CE2 /* Extension+Data.swift */,
				A387FE132AC3AAC400F99CE2 /* Extension+View.swift */,
				A3ECA9152ACD505E0045E2AA /* Extension+Double.swift */,
			);
			path = Extension;
			sourceTree = "<group>";
		};
		A387FE152AC3AB0D00F99CE2 /* Enum */ = {
			isa = PBXGroup;
			children = (
				A387FE162AC3AB1C00F99CE2 /* PacketType.swift */,
			);
			path = Enum;
			sourceTree = "<group>";
		};
		A387FE182AC3AB3800F99CE2 /* Model */ = {
			isa = PBXGroup;
			children = (
				A387FE192AC3AB4600F99CE2 /* TCPPacketDTO.swift */,
				A3ECA91A2ACD56F00045E2AA /* TCPPacket.swift */,
			);
			path = Model;
			sourceTree = "<group>";
		};
		A387FE1B2AC3AB5200F99CE2 /* Utills */ = {
			isa = PBXGroup;
			children = (
				A314ACCD2ABD326D0075BA2D /* Manager */,
				A387FE152AC3AB0D00F99CE2 /* Enum */,
				A387FE102AC3AA8000F99CE2 /* Extension */,
			);
			path = Utills;
			sourceTree = "<group>";
		};
		A3ECA9192ACD56D80045E2AA /* Login */ = {
			isa = PBXGroup;
			children = (
				A3ECA9172ACD56C10045E2AA /* LoginViewModel.swift */,
				A3725B312AC1788C009EF798 /* LoginView.swift */,
			);
			path = Login;
			sourceTree = "<group>";
		};
/* End PBXGroup section */

/* Begin PBXNativeTarget section */
		A384CF7B2ABAC7E000612779 /* VoiceRecordingTCPSend */ = {
			isa = PBXNativeTarget;
			buildConfigurationList = A384CF8A2ABAC7E200612779 /* Build configuration list for PBXNativeTarget "VoiceRecordingTCPSend" */;
			buildPhases = (
				A384CF782ABAC7E000612779 /* Sources */,
				A384CF792ABAC7E000612779 /* Frameworks */,
				A384CF7A2ABAC7E000612779 /* Resources */,
			);
			buildRules = (
			);
			dependencies = (
			);
			name = VoiceRecordingTCPSend;
			packageProductDependencies = (
				A384CF8E2ABACE5B00612779 /* SwiftSocket */,
			);
			productName = VoiceRecordingTCPSend;
			productReference = A384CF7C2ABAC7E000612779 /* VoiceRecordingTCPSend.app */;
			productType = "com.apple.product-type.application";
		};
/* End PBXNativeTarget section */

/* Begin PBXProject section */
		A384CF742ABAC7E000612779 /* Project object */ = {
			isa = PBXProject;
			attributes = {
				BuildIndependentTargetsInParallel = 1;
				LastSwiftUpdateCheck = 1430;
				LastUpgradeCheck = 1430;
				TargetAttributes = {
					A384CF7B2ABAC7E000612779 = {
						CreatedOnToolsVersion = 14.3.1;
					};
				};
			};
			buildConfigurationList = A384CF772ABAC7E000612779 /* Build configuration list for PBXProject "VoiceRecordingTCPSend" */;
			compatibilityVersion = "Xcode 14.0";
			developmentRegion = en;
			hasScannedForEncodings = 0;
			knownRegions = (
				en,
				Base,
			);
			mainGroup = A384CF732ABAC7E000612779;
			packageReferences = (
				A384CF8D2ABACE5B00612779 /* XCRemoteSwiftPackageReference "SwiftSocket" */,
			);
			productRefGroup = A384CF7D2ABAC7E000612779 /* Products */;
			projectDirPath = "";
			projectRoot = "";
			targets = (
				A384CF7B2ABAC7E000612779 /* VoiceRecordingTCPSend */,
			);
		};
/* End PBXProject section */

/* Begin PBXResourcesBuildPhase section */
		A384CF7A2ABAC7E000612779 /* Resources */ = {
			isa = PBXResourcesBuildPhase;
			buildActionMask = 2147483647;
			files = (
				A384CF872ABAC7E200612779 /* Preview Assets.xcassets in Resources */,
				A384CF842ABAC7E200612779 /* Assets.xcassets in Resources */,
			);
			runOnlyForDeploymentPostprocessing = 0;
		};
/* End PBXResourcesBuildPhase section */

/* Begin PBXSourcesBuildPhase section */
		A384CF782ABAC7E000612779 /* Sources */ = {
			isa = PBXSourcesBuildPhase;
			buildActionMask = 2147483647;
			files = (
				A3725B302AC17180009EF798 /* RoomView.swift in Sources */,
				A387FE172AC3AB1C00F99CE2 /* PacketType.swift in Sources */,
				A3ECA91B2ACD56F00045E2AA /* TCPPacket.swift in Sources */,
				A387FE122AC3AA9700F99CE2 /* Extension+Data.swift in Sources */,
				A384CF932ABBD39C00612779 /* VoiceRecordingViewModel.swift in Sources */,
				A387FE0F2AC2A60D00F99CE2 /* TCPManager.swift in Sources */,
				A3EE905E2ABD1356000CBBE4 /* MainView.swift in Sources */,
				A384CF822ABAC7E000612779 /* VoiceRecordingView.swift in Sources */,
				A387FE1D2AC3D70400F99CE2 /* RoomViewModel.swift in Sources */,
				A3ECA9182ACD56C10045E2AA /* LoginViewModel.swift in Sources */,
				A3EE90602ABD1F14000CBBE4 /* NetworkManager.swift in Sources */,
				A387FE1A2AC3AB4600F99CE2 /* TCPPacketDTO.swift in Sources */,
				A384CF912ABBB72900612779 /* AudioRecorderManager.swift in Sources */,
				A314ACCC2ABD32070075BA2D /* TCPServerViewModel.swift in Sources */,
				A330BBBE2ABC2E9000B0CFC3 /* TCPServerView.swift in Sources */,
				A3725B322AC1788C009EF798 /* LoginView.swift in Sources */,
				A387FE142AC3AAC400F99CE2 /* Extension+View.swift in Sources */,
				A3ECA9162ACD505E0045E2AA /* Extension+Double.swift in Sources */,
				A384CF802ABAC7E000612779 /* VoiceRecordingTCPSendApp.swift in Sources */,
			);
			runOnlyForDeploymentPostprocessing = 0;
		};
/* End PBXSourcesBuildPhase section */

/* Begin XCBuildConfiguration section */
		A384CF882ABAC7E200612779 /* Debug */ = {
			isa = XCBuildConfiguration;
			buildSettings = {
				ALWAYS_SEARCH_USER_PATHS = NO;
				CLANG_ANALYZER_NONNULL = YES;
				CLANG_ANALYZER_NUMBER_OBJECT_CONVERSION = YES_AGGRESSIVE;
				CLANG_CXX_LANGUAGE_STANDARD = "gnu++20";
				CLANG_ENABLE_MODULES = YES;
				CLANG_ENABLE_OBJC_ARC = YES;
				CLANG_ENABLE_OBJC_WEAK = YES;
				CLANG_WARN_BLOCK_CAPTURE_AUTORELEASING = YES;
				CLANG_WARN_BOOL_CONVERSION = YES;
				CLANG_WARN_COMMA = YES;
				CLANG_WARN_CONSTANT_CONVERSION = YES;
				CLANG_WARN_DEPRECATED_OBJC_IMPLEMENTATIONS = YES;
				CLANG_WARN_DIRECT_OBJC_ISA_USAGE = YES_ERROR;
				CLANG_WARN_DOCUMENTATION_COMMENTS = YES;
				CLANG_WARN_EMPTY_BODY = YES;
				CLANG_WARN_ENUM_CONVERSION = YES;
				CLANG_WARN_INFINITE_RECURSION = YES;
				CLANG_WARN_INT_CONVERSION = YES;
				CLANG_WARN_NON_LITERAL_NULL_CONVERSION = YES;
				CLANG_WARN_OBJC_IMPLICIT_RETAIN_SELF = YES;
				CLANG_WARN_OBJC_LITERAL_CONVERSION = YES;
				CLANG_WARN_OBJC_ROOT_CLASS = YES_ERROR;
				CLANG_WARN_QUOTED_INCLUDE_IN_FRAMEWORK_HEADER = YES;
				CLANG_WARN_RANGE_LOOP_ANALYSIS = YES;
				CLANG_WARN_STRICT_PROTOTYPES = YES;
				CLANG_WARN_SUSPICIOUS_MOVE = YES;
				CLANG_WARN_UNGUARDED_AVAILABILITY = YES_AGGRESSIVE;
				CLANG_WARN_UNREACHABLE_CODE = YES;
				CLANG_WARN__DUPLICATE_METHOD_MATCH = YES;
				COPY_PHASE_STRIP = NO;
				DEBUG_INFORMATION_FORMAT = dwarf;
				ENABLE_STRICT_OBJC_MSGSEND = YES;
				ENABLE_TESTABILITY = YES;
				GCC_C_LANGUAGE_STANDARD = gnu11;
				GCC_DYNAMIC_NO_PIC = NO;
				GCC_NO_COMMON_BLOCKS = YES;
				GCC_OPTIMIZATION_LEVEL = 0;
				GCC_PREPROCESSOR_DEFINITIONS = (
					"DEBUG=1",
					"$(inherited)",
				);
				GCC_WARN_64_TO_32_BIT_CONVERSION = YES;
				GCC_WARN_ABOUT_RETURN_TYPE = YES_ERROR;
				GCC_WARN_UNDECLARED_SELECTOR = YES;
				GCC_WARN_UNINITIALIZED_AUTOS = YES_AGGRESSIVE;
				GCC_WARN_UNUSED_FUNCTION = YES;
				GCC_WARN_UNUSED_VARIABLE = YES;
				IPHONEOS_DEPLOYMENT_TARGET = 16.0;
				MTL_ENABLE_DEBUG_INFO = INCLUDE_SOURCE;
				MTL_FAST_MATH = YES;
				ONLY_ACTIVE_ARCH = YES;
				SDKROOT = iphoneos;
				SWIFT_ACTIVE_COMPILATION_CONDITIONS = DEBUG;
				SWIFT_OPTIMIZATION_LEVEL = "-Onone";
			};
			name = Debug;
		};
		A384CF892ABAC7E200612779 /* Release */ = {
			isa = XCBuildConfiguration;
			buildSettings = {
				ALWAYS_SEARCH_USER_PATHS = NO;
				CLANG_ANALYZER_NONNULL = YES;
				CLANG_ANALYZER_NUMBER_OBJECT_CONVERSION = YES_AGGRESSIVE;
				CLANG_CXX_LANGUAGE_STANDARD = "gnu++20";
				CLANG_ENABLE_MODULES = YES;
				CLANG_ENABLE_OBJC_ARC = YES;
				CLANG_ENABLE_OBJC_WEAK = YES;
				CLANG_WARN_BLOCK_CAPTURE_AUTORELEASING = YES;
				CLANG_WARN_BOOL_CONVERSION = YES;
				CLANG_WARN_COMMA = YES;
				CLANG_WARN_CONSTANT_CONVERSION = YES;
				CLANG_WARN_DEPRECATED_OBJC_IMPLEMENTATIONS = YES;
				CLANG_WARN_DIRECT_OBJC_ISA_USAGE = YES_ERROR;
				CLANG_WARN_DOCUMENTATION_COMMENTS = YES;
				CLANG_WARN_EMPTY_BODY = YES;
				CLANG_WARN_ENUM_CONVERSION = YES;
				CLANG_WARN_INFINITE_RECURSION = YES;
				CLANG_WARN_INT_CONVERSION = YES;
				CLANG_WARN_NON_LITERAL_NULL_CONVERSION = YES;
				CLANG_WARN_OBJC_IMPLICIT_RETAIN_SELF = YES;
				CLANG_WARN_OBJC_LITERAL_CONVERSION = YES;
				CLANG_WARN_OBJC_ROOT_CLASS = YES_ERROR;
				CLANG_WARN_QUOTED_INCLUDE_IN_FRAMEWORK_HEADER = YES;
				CLANG_WARN_RANGE_LOOP_ANALYSIS = YES;
				CLANG_WARN_STRICT_PROTOTYPES = YES;
				CLANG_WARN_SUSPICIOUS_MOVE = YES;
				CLANG_WARN_UNGUARDED_AVAILABILITY = YES_AGGRESSIVE;
				CLANG_WARN_UNREACHABLE_CODE = YES;
				CLANG_WARN__DUPLICATE_METHOD_MATCH = YES;
				COPY_PHASE_STRIP = NO;
				DEBUG_INFORMATION_FORMAT = "dwarf-with-dsym";
				ENABLE_NS_ASSERTIONS = NO;
				ENABLE_STRICT_OBJC_MSGSEND = YES;
				GCC_C_LANGUAGE_STANDARD = gnu11;
				GCC_NO_COMMON_BLOCKS = YES;
				GCC_WARN_64_TO_32_BIT_CONVERSION = YES;
				GCC_WARN_ABOUT_RETURN_TYPE = YES_ERROR;
				GCC_WARN_UNDECLARED_SELECTOR = YES;
				GCC_WARN_UNINITIALIZED_AUTOS = YES_AGGRESSIVE;
				GCC_WARN_UNUSED_FUNCTION = YES;
				GCC_WARN_UNUSED_VARIABLE = YES;
				IPHONEOS_DEPLOYMENT_TARGET = 16.0;
				MTL_ENABLE_DEBUG_INFO = NO;
				MTL_FAST_MATH = YES;
				SDKROOT = iphoneos;
				SWIFT_COMPILATION_MODE = wholemodule;
				SWIFT_OPTIMIZATION_LEVEL = "-O";
				VALIDATE_PRODUCT = YES;
			};
			name = Release;
		};
		A384CF8B2ABAC7E200612779 /* Debug */ = {
			isa = XCBuildConfiguration;
			buildSettings = {
				ASSETCATALOG_COMPILER_APPICON_NAME = AppIcon;
				ASSETCATALOG_COMPILER_GLOBAL_ACCENT_COLOR_NAME = AccentColor;
				CODE_SIGN_STYLE = Automatic;
				CURRENT_PROJECT_VERSION = 1;
				DEVELOPMENT_ASSET_PATHS = "\"VoiceRecordingTCPSend/Preview Content\"";
				DEVELOPMENT_TEAM = K22GCUDQ2Z;
				ENABLE_PREVIEWS = YES;
				GENERATE_INFOPLIST_FILE = YES;
				INFOPLIST_KEY_NSMicrophoneUsageDescription = "";
				INFOPLIST_KEY_UIApplicationSceneManifest_Generation = YES;
				INFOPLIST_KEY_UIApplicationSupportsIndirectInputEvents = YES;
				INFOPLIST_KEY_UILaunchScreen_Generation = YES;
				INFOPLIST_KEY_UISupportedInterfaceOrientations_iPad = "UIInterfaceOrientationPortrait UIInterfaceOrientationPortraitUpsideDown UIInterfaceOrientationLandscapeLeft UIInterfaceOrientationLandscapeRight";
				INFOPLIST_KEY_UISupportedInterfaceOrientations_iPhone = "UIInterfaceOrientationPortrait UIInterfaceOrientationLandscapeLeft UIInterfaceOrientationLandscapeRight";
				INFOPLIST_KEY_UIUserInterfaceStyle = Light;
				IPHONEOS_DEPLOYMENT_TARGET = 15.0;
				LD_RUNPATH_SEARCH_PATHS = (
					"$(inherited)",
					"@executable_path/Frameworks",
				);
				MARKETING_VERSION = 1.0;
				PRODUCT_BUNDLE_IDENTIFIER = brad.VoiceRecordingTCPSend;
				PRODUCT_NAME = "$(TARGET_NAME)";
				SWIFT_EMIT_LOC_STRINGS = YES;
				SWIFT_VERSION = 5.0;
				TARGETED_DEVICE_FAMILY = "1,2";
			};
			name = Debug;
		};
		A384CF8C2ABAC7E200612779 /* Release */ = {
			isa = XCBuildConfiguration;
			buildSettings = {
				ASSETCATALOG_COMPILER_APPICON_NAME = AppIcon;
				ASSETCATALOG_COMPILER_GLOBAL_ACCENT_COLOR_NAME = AccentColor;
				CODE_SIGN_STYLE = Automatic;
				CURRENT_PROJECT_VERSION = 1;
				DEVELOPMENT_ASSET_PATHS = "\"VoiceRecordingTCPSend/Preview Content\"";
				DEVELOPMENT_TEAM = K22GCUDQ2Z;
				ENABLE_PREVIEWS = YES;
				GENERATE_INFOPLIST_FILE = YES;
				INFOPLIST_KEY_NSMicrophoneUsageDescription = "";
				INFOPLIST_KEY_UIApplicationSceneManifest_Generation = YES;
				INFOPLIST_KEY_UIApplicationSupportsIndirectInputEvents = YES;
				INFOPLIST_KEY_UILaunchScreen_Generation = YES;
				INFOPLIST_KEY_UISupportedInterfaceOrientations_iPad = "UIInterfaceOrientationPortrait UIInterfaceOrientationPortraitUpsideDown UIInterfaceOrientationLandscapeLeft UIInterfaceOrientationLandscapeRight";
				INFOPLIST_KEY_UISupportedInterfaceOrientations_iPhone = "UIInterfaceOrientationPortrait UIInterfaceOrientationLandscapeLeft UIInterfaceOrientationLandscapeRight";
				INFOPLIST_KEY_UIUserInterfaceStyle = Light;
				IPHONEOS_DEPLOYMENT_TARGET = 15.0;
				LD_RUNPATH_SEARCH_PATHS = (
					"$(inherited)",
					"@executable_path/Frameworks",
				);
				MARKETING_VERSION = 1.0;
				PRODUCT_BUNDLE_IDENTIFIER = brad.VoiceRecordingTCPSend;
				PRODUCT_NAME = "$(TARGET_NAME)";
				SWIFT_EMIT_LOC_STRINGS = YES;
				SWIFT_VERSION = 5.0;
				TARGETED_DEVICE_FAMILY = "1,2";
			};
			name = Release;
		};
/* End XCBuildConfiguration section */

/* Begin XCConfigurationList section */
		A384CF772ABAC7E000612779 /* Build configuration list for PBXProject "VoiceRecordingTCPSend" */ = {
			isa = XCConfigurationList;
			buildConfigurations = (
				A384CF882ABAC7E200612779 /* Debug */,
				A384CF892ABAC7E200612779 /* Release */,
			);
			defaultConfigurationIsVisible = 0;
			defaultConfigurationName = Release;
		};
		A384CF8A2ABAC7E200612779 /* Build configuration list for PBXNativeTarget "VoiceRecordingTCPSend" */ = {
			isa = XCConfigurationList;
			buildConfigurations = (
				A384CF8B2ABAC7E200612779 /* Debug */,
				A384CF8C2ABAC7E200612779 /* Release */,
			);
			defaultConfigurationIsVisible = 0;
			defaultConfigurationName = Release;
		};
/* End XCConfigurationList section */

/* Begin XCRemoteSwiftPackageReference section */
		A384CF8D2ABACE5B00612779 /* XCRemoteSwiftPackageReference "SwiftSocket" */ = {
			isa = XCRemoteSwiftPackageReference;
			repositoryURL = "https://github.com/trisbee/SwiftSocket.git";
			requirement = {
				kind = upToNextMajorVersion;
				minimumVersion = 2.0.0;
			};
		};
/* End XCRemoteSwiftPackageReference section */

/* Begin XCSwiftPackageProductDependency section */
		A384CF8E2ABACE5B00612779 /* SwiftSocket */ = {
			isa = XCSwiftPackageProductDependency;
			package = A384CF8D2ABACE5B00612779 /* XCRemoteSwiftPackageReference "SwiftSocket" */;
			productName = SwiftSocket;
		};
/* End XCSwiftPackageProductDependency section */
	};
	rootObject = A384CF742ABAC7E000612779 /* Project object */;
}
